
Microsoft Visual Studio Solution File, Format Version 12.00
# Visual Studio 15
VisualStudioVersion = 15.0.28307.757
MinimumVisualStudioVersion = 10.0.40219.1
Project("{FAE04EC0-301F-11D3-BF4B-00C04F79EFBC}") = "PerformanceComparator", "PerformanceComparator\PerformanceComparator.csproj", "{635F1CC5-E4FD-456B-BA11-B125E326918A}"
EndProject
Global
	GlobalSection(SolutionConfigurationPlatforms) = preSolution
		Debug|Any CPU = Debug|Any CPU
		Release|Any CPU = Release|Any CPU
	EndGlobalSection
	GlobalSection(ProjectConfigurationPlatforms) = postSolution
		{635F1CC5-E4FD-456B-BA11-B125E326918A}.Debug|Any CPU.ActiveCfg = Debug|Any CPU
		{635F1CC5-E4FD-456B-BA11-B125E326918A}.Debug|Any CPU.Build.0 = Debug|Any CPU
		{635F1CC5-E4FD-456B-BA11-B125E326918A}.Release|Any CPU.ActiveCfg = Release|Any CPU
		{635F1CC5-E4FD-456B-BA11-B125E326918A}.Release|Any CPU.Build.0 = Release|Any CPU
	EndGlobalSection
	GlobalSection(SolutionProperties) = preSolution
		HideSolutionNode = FALSE
	EndGlobalSection
	GlobalSection(ExtensibilityGlobals) = postSolution
		SolutionGuid = {C345C37B-46FB-4BE9-ABB4-B68C86CBC7EB}
	EndGlobalSection
EndGlobal
